
Microsoft Visual Studio Solution File, Format Version 12.00
# Visual Studio Version 17
VisualStudioVersion = 17.0.32126.317
MinimumVisualStudioVersion = 10.0.40219.1
Project("{9A19103F-16F7-4668-BE54-9A1E7A4F7556}") = "Rapture.Therapy.Integration", "Rapture.Therapy.Integration\Rapture.Therapy.Integration.csproj", "{6485AA85-7CCE-4CE3-9A9D-CB299CBDEA93}"
EndProject
Project("{9A19103F-16F7-4668-BE54-9A1E7A4F7556}") = "Eadent.Common", "Eadent.Common\Eadent.Common.csproj", "{C2B6D989-54AB-45A0-B21D-77B13D33881E}"
EndProject
Global
	GlobalSection(SolutionConfigurationPlatforms) = preSolution
		Debug|Any CPU = Debug|Any CPU
		Release|Any CPU = Release|Any CPU
	EndGlobalSection
	GlobalSection(ProjectConfigurationPlatforms) = postSolution
		{6485AA85-7CCE-4CE3-9A9D-CB299CBDEA93}.Debug|Any CPU.ActiveCfg = Debug|Any CPU
		{6485AA85-7CCE-4CE3-9A9D-CB299CBDEA93}.Debug|Any CPU.Build.0 = Debug|Any CPU
		{6485AA85-7CCE-4CE3-9A9D-CB299CBDEA93}.Release|Any CPU.ActiveCfg = Release|Any CPU
		{6485AA85-7CCE-4CE3-9A9D-CB299CBDEA93}.Release|Any CPU.Build.0 = Release|Any CPU
		{C2B6D989-54AB-45A0-B21D-77B13D33881E}.Debug|Any CPU.ActiveCfg = Debug|Any CPU
		{C2B6D989-54AB-45A0-B21D-77B13D33881E}.Debug|Any CPU.Build.0 = Debug|Any CPU
		{C2B6D989-54AB-45A0-B21D-77B13D33881E}.Release|Any CPU.ActiveCfg = Release|Any CPU
		{C2B6D989-54AB-45A0-B21D-77B13D33881E}.Release|Any CPU.Build.0 = Release|Any CPU
	EndGlobalSection
	GlobalSection(SolutionProperties) = preSolution
		HideSolutionNode = FALSE
	EndGlobalSection
	GlobalSection(ExtensibilityGlobals) = postSolution
		SolutionGuid = {42DE3370-DA82-4EC8-9AB4-C6497030C85F}
	EndGlobalSection
EndGlobal
